
Microsoft Visual Studio Solution File, Format Version 12.00
# Visual Studio Version 16
VisualStudioVersion = 16.0.29613.14
MinimumVisualStudioVersion = 10.0.40219.1
Project("{9A19103F-16F7-4668-BE54-9A1E7A4F7556}") = "EmailAndNotificationService", "EmailAndNotificationService\EmailAndNotificationService.csproj", "{E48F8D9A-A171-4881-8A59-290701F18538}"
EndProject
Project("{9A19103F-16F7-4668-BE54-9A1E7A4F7556}") = "Infrastructure", "Infrastructure\Infrastructure.csproj", "{98C7D61C-AFDA-4499-BCA0-D3D217CB8F78}"
EndProject
Project("{9A19103F-16F7-4668-BE54-9A1E7A4F7556}") = "Application", "Application\Application.csproj", "{504FC6C4-C14B-4B9B-966C-7FC79E3C934B}"
EndProject
Global
	GlobalSection(SolutionConfigurationPlatforms) = preSolution
		Debug|Any CPU = Debug|Any CPU
		Release|Any CPU = Release|Any CPU
	EndGlobalSection
	GlobalSection(ProjectConfigurationPlatforms) = postSolution
		{E48F8D9A-A171-4881-8A59-290701F18538}.Debug|Any CPU.ActiveCfg = Debug|Any CPU
		{E48F8D9A-A171-4881-8A59-290701F18538}.Debug|Any CPU.Build.0 = Debug|Any CPU
		{E48F8D9A-A171-4881-8A59-290701F18538}.Release|Any CPU.ActiveCfg = Release|Any CPU
		{E48F8D9A-A171-4881-8A59-290701F18538}.Release|Any CPU.Build.0 = Release|Any CPU
		{98C7D61C-AFDA-4499-BCA0-D3D217CB8F78}.Debug|Any CPU.ActiveCfg = Debug|Any CPU
		{98C7D61C-AFDA-4499-BCA0-D3D217CB8F78}.Debug|Any CPU.Build.0 = Debug|Any CPU
		{98C7D61C-AFDA-4499-BCA0-D3D217CB8F78}.Release|Any CPU.ActiveCfg = Release|Any CPU
		{98C7D61C-AFDA-4499-BCA0-D3D217CB8F78}.Release|Any CPU.Build.0 = Release|Any CPU
		{504FC6C4-C14B-4B9B-966C-7FC79E3C934B}.Debug|Any CPU.ActiveCfg = Debug|Any CPU
		{504FC6C4-C14B-4B9B-966C-7FC79E3C934B}.Debug|Any CPU.Build.0 = Debug|Any CPU
		{504FC6C4-C14B-4B9B-966C-7FC79E3C934B}.Release|Any CPU.ActiveCfg = Release|Any CPU
		{504FC6C4-C14B-4B9B-966C-7FC79E3C934B}.Release|Any CPU.Build.0 = Release|Any CPU
	EndGlobalSection
	GlobalSection(SolutionProperties) = preSolution
		HideSolutionNode = FALSE
	EndGlobalSection
	GlobalSection(ExtensibilityGlobals) = postSolution
		SolutionGuid = {24E86047-00A4-40C9-B27E-D97F559089C7}
	EndGlobalSection
EndGlobal
