
Microsoft Visual Studio Solution File, Format Version 12.00
# Visual Studio Version 16
VisualStudioVersion = 16.0.29613.14
MinimumVisualStudioVersion = 10.0.40219.1
Project("{FAE04EC0-301F-11D3-BF4B-00C04F79EFBC}") = "EmailAndNotificationService", "EmailAndNotificationService\EmailAndNotificationService.csproj", "{E48F8D9A-A171-4881-8A59-290701F18538}"
EndProject
Global
	GlobalSection(SolutionConfigurationPlatforms) = preSolution
		Debug|Any CPU = Debug|Any CPU
		Release|Any CPU = Release|Any CPU
	EndGlobalSection
	GlobalSection(ProjectConfigurationPlatforms) = postSolution
		{E48F8D9A-A171-4881-8A59-290701F18538}.Debug|Any CPU.ActiveCfg = Debug|Any CPU
		{E48F8D9A-A171-4881-8A59-290701F18538}.Debug|Any CPU.Build.0 = Debug|Any CPU
		{E48F8D9A-A171-4881-8A59-290701F18538}.Release|Any CPU.ActiveCfg = Release|Any CPU
		{E48F8D9A-A171-4881-8A59-290701F18538}.Release|Any CPU.Build.0 = Release|Any CPU
	EndGlobalSection
	GlobalSection(SolutionProperties) = preSolution
		HideSolutionNode = FALSE
	EndGlobalSection
	GlobalSection(ExtensibilityGlobals) = postSolution
		SolutionGuid = {24E86047-00A4-40C9-B27E-D97F559089C7}
	EndGlobalSection
EndGlobal
