
Microsoft Visual Studio Solution File, Format Version 12.00
# Visual Studio Version 16
VisualStudioVersion = 16.0.29613.14
MinimumVisualStudioVersion = 10.0.40219.1
Project("{9A19103F-16F7-4668-BE54-9A1E7A4F7556}") = "EmailAndNotificationService", "EmailAndNotificationService\EmailAndNotificationService.csproj", "{E48F8D9A-A171-4881-8A59-290701F18538}"
EndProject
Project("{9A19103F-16F7-4668-BE54-9A1E7A4F7556}") = "Infrastructure", "Infrastructure\Infrastructure.csproj", "{98C7D61C-AFDA-4499-BCA0-D3D217CB8F78}"
EndProject
Project("{9A19103F-16F7-4668-BE54-9A1E7A4F7556}") = "Application", "Application\Application.csproj", "{504FC6C4-C14B-4B9B-966C-7FC79E3C934B}"
EndProject
Project("{2150E333-8FDC-42A3-9474-1A3956D46DE8}") = "Tests", "Tests", "{BD1E7D43-94C2-4732-9F77-E4AE69EF4FE8}"
EndProject
Project("{FAE04EC0-301F-11D3-BF4B-00C04F79EFBC}") = "Infrastructure.UnitTest", "Infrastructure.UnitTest\Infrastructure.UnitTest.csproj", "{B627ED6F-D8B2-40B0-A3CC-6445A90072E4}"
EndProject
Global
	GlobalSection(SolutionConfigurationPlatforms) = preSolution
		Debug|Any CPU = Debug|Any CPU
		Release|Any CPU = Release|Any CPU
	EndGlobalSection
	GlobalSection(ProjectConfigurationPlatforms) = postSolution
		{E48F8D9A-A171-4881-8A59-290701F18538}.Debug|Any CPU.ActiveCfg = Debug|Any CPU
		{E48F8D9A-A171-4881-8A59-290701F18538}.Debug|Any CPU.Build.0 = Debug|Any CPU
		{E48F8D9A-A171-4881-8A59-290701F18538}.Release|Any CPU.ActiveCfg = Release|Any CPU
		{E48F8D9A-A171-4881-8A59-290701F18538}.Release|Any CPU.Build.0 = Release|Any CPU
		{98C7D61C-AFDA-4499-BCA0-D3D217CB8F78}.Debug|Any CPU.ActiveCfg = Debug|Any CPU
		{98C7D61C-AFDA-4499-BCA0-D3D217CB8F78}.Debug|Any CPU.Build.0 = Debug|Any CPU
		{98C7D61C-AFDA-4499-BCA0-D3D217CB8F78}.Release|Any CPU.ActiveCfg = Release|Any CPU
		{98C7D61C-AFDA-4499-BCA0-D3D217CB8F78}.Release|Any CPU.Build.0 = Release|Any CPU
		{504FC6C4-C14B-4B9B-966C-7FC79E3C934B}.Debug|Any CPU.ActiveCfg = Debug|Any CPU
		{504FC6C4-C14B-4B9B-966C-7FC79E3C934B}.Debug|Any CPU.Build.0 = Debug|Any CPU
		{504FC6C4-C14B-4B9B-966C-7FC79E3C934B}.Release|Any CPU.ActiveCfg = Release|Any CPU
		{504FC6C4-C14B-4B9B-966C-7FC79E3C934B}.Release|Any CPU.Build.0 = Release|Any CPU
		{B627ED6F-D8B2-40B0-A3CC-6445A90072E4}.Debug|Any CPU.ActiveCfg = Debug|Any CPU
		{B627ED6F-D8B2-40B0-A3CC-6445A90072E4}.Debug|Any CPU.Build.0 = Debug|Any CPU
		{B627ED6F-D8B2-40B0-A3CC-6445A90072E4}.Release|Any CPU.ActiveCfg = Release|Any CPU
		{B627ED6F-D8B2-40B0-A3CC-6445A90072E4}.Release|Any CPU.Build.0 = Release|Any CPU
	EndGlobalSection
	GlobalSection(SolutionProperties) = preSolution
		HideSolutionNode = FALSE
	EndGlobalSection
	GlobalSection(NestedProjects) = preSolution
		{B627ED6F-D8B2-40B0-A3CC-6445A90072E4} = {BD1E7D43-94C2-4732-9F77-E4AE69EF4FE8}
	EndGlobalSection
	GlobalSection(ExtensibilityGlobals) = postSolution
		SolutionGuid = {24E86047-00A4-40C9-B27E-D97F559089C7}
	EndGlobalSection
EndGlobal
